
Microsoft Visual Studio Solution File, Format Version 12.00
# Visual Studio 15
VisualStudioVersion = 15.0.27130.2024
MinimumVisualStudioVersion = 10.0.40219.1
Project("{FAE04EC0-301F-11D3-BF4B-00C04F79EFBC}") = "ASPPostOffice", "ASPPostOffice\ASPPostOffice.csproj", "{4F9A3D66-3E2D-44AE-A720-8DFC2DC217DF}"
EndProject
Project("{FAE04EC0-301F-11D3-BF4B-00C04F79EFBC}") = "DAL", "DAL\DAL.csproj", "{5E9A93D7-44E1-4FA9-AA4D-E4B77EED0762}"
EndProject
Project("{FAE04EC0-301F-11D3-BF4B-00C04F79EFBC}") = "Models", "Models\Models.csproj", "{0F552A78-87BB-4025-956A-1D9217A98D6F}"
EndProject
Global
	GlobalSection(SolutionConfigurationPlatforms) = preSolution
		Debug|Any CPU = Debug|Any CPU
		Release|Any CPU = Release|Any CPU
	EndGlobalSection
	GlobalSection(ProjectConfigurationPlatforms) = postSolution
		{4F9A3D66-3E2D-44AE-A720-8DFC2DC217DF}.Debug|Any CPU.ActiveCfg = Debug|Any CPU
		{4F9A3D66-3E2D-44AE-A720-8DFC2DC217DF}.Debug|Any CPU.Build.0 = Debug|Any CPU
		{4F9A3D66-3E2D-44AE-A720-8DFC2DC217DF}.Release|Any CPU.ActiveCfg = Release|Any CPU
		{4F9A3D66-3E2D-44AE-A720-8DFC2DC217DF}.Release|Any CPU.Build.0 = Release|Any CPU
		{5E9A93D7-44E1-4FA9-AA4D-E4B77EED0762}.Debug|Any CPU.ActiveCfg = Debug|Any CPU
		{5E9A93D7-44E1-4FA9-AA4D-E4B77EED0762}.Debug|Any CPU.Build.0 = Debug|Any CPU
		{5E9A93D7-44E1-4FA9-AA4D-E4B77EED0762}.Release|Any CPU.ActiveCfg = Release|Any CPU
		{5E9A93D7-44E1-4FA9-AA4D-E4B77EED0762}.Release|Any CPU.Build.0 = Release|Any CPU
		{0F552A78-87BB-4025-956A-1D9217A98D6F}.Debug|Any CPU.ActiveCfg = Debug|Any CPU
		{0F552A78-87BB-4025-956A-1D9217A98D6F}.Debug|Any CPU.Build.0 = Debug|Any CPU
		{0F552A78-87BB-4025-956A-1D9217A98D6F}.Release|Any CPU.ActiveCfg = Release|Any CPU
		{0F552A78-87BB-4025-956A-1D9217A98D6F}.Release|Any CPU.Build.0 = Release|Any CPU
	EndGlobalSection
	GlobalSection(SolutionProperties) = preSolution
		HideSolutionNode = FALSE
	EndGlobalSection
	GlobalSection(ExtensibilityGlobals) = postSolution
		SolutionGuid = {C92245B3-EE9E-4EC9-83AF-A16D285AC1D1}
	EndGlobalSection
EndGlobal
