
Microsoft Visual Studio Solution File, Format Version 12.00
# Visual Studio 15
VisualStudioVersion = 15.0.27130.2010
MinimumVisualStudioVersion = 10.0.40219.1
Project("{FAE04EC0-301F-11D3-BF4B-00C04F79EFBC}") = "PostOffice", "PostOffice\PostOffice.csproj", "{10B956EA-B1B5-4CDA-A5CA-9210DF6209B0}"
EndProject
Project("{FAE04EC0-301F-11D3-BF4B-00C04F79EFBC}") = "WpfControlLibrary", "WpfControlLibrary\WpfControlLibrary.csproj", "{9B862D9F-B0F5-43BB-8F4E-B1DC70DEC94A}"
EndProject
Global
	GlobalSection(SolutionConfigurationPlatforms) = preSolution
		Debug|Any CPU = Debug|Any CPU
		Release|Any CPU = Release|Any CPU
	EndGlobalSection
	GlobalSection(ProjectConfigurationPlatforms) = postSolution
		{10B956EA-B1B5-4CDA-A5CA-9210DF6209B0}.Debug|Any CPU.ActiveCfg = Debug|Any CPU
		{10B956EA-B1B5-4CDA-A5CA-9210DF6209B0}.Debug|Any CPU.Build.0 = Debug|Any CPU
		{10B956EA-B1B5-4CDA-A5CA-9210DF6209B0}.Release|Any CPU.ActiveCfg = Release|Any CPU
		{10B956EA-B1B5-4CDA-A5CA-9210DF6209B0}.Release|Any CPU.Build.0 = Release|Any CPU
		{9B862D9F-B0F5-43BB-8F4E-B1DC70DEC94A}.Debug|Any CPU.ActiveCfg = Debug|Any CPU
		{9B862D9F-B0F5-43BB-8F4E-B1DC70DEC94A}.Debug|Any CPU.Build.0 = Debug|Any CPU
		{9B862D9F-B0F5-43BB-8F4E-B1DC70DEC94A}.Release|Any CPU.ActiveCfg = Release|Any CPU
		{9B862D9F-B0F5-43BB-8F4E-B1DC70DEC94A}.Release|Any CPU.Build.0 = Release|Any CPU
	EndGlobalSection
	GlobalSection(SolutionProperties) = preSolution
		HideSolutionNode = FALSE
	EndGlobalSection
	GlobalSection(ExtensibilityGlobals) = postSolution
		SolutionGuid = {5E35DC02-E79D-47D4-83D5-DF4792DED5AF}
	EndGlobalSection
EndGlobal
